
Microsoft Visual Studio Solution File, Format Version 12.00
# Visual Studio 15
VisualStudioVersion = 15.0.28307.539
MinimumVisualStudioVersion = 10.0.40219.1
Project("{9A19103F-16F7-4668-BE54-9A1E7A4F7556}") = "teste", "teste\teste.csproj", "{F885848A-19E7-4A54-912B-FA65104E940A}"
EndProject
Project("{9A19103F-16F7-4668-BE54-9A1E7A4F7556}") = "PlayerManager3", "PlayerManager3\PlayerManager3.csproj", "{7A596780-51CE-4B69-84C2-06BDC8587B27}"
EndProject
Project("{FAE04EC0-301F-11D3-BF4B-00C04F79EFBC}") = "PlayerManager4", "PlayerManager4\PlayerManager4.csproj", "{51CBBB0F-D807-46E2-8AFE-7BBFB0A74CCA}"
EndProject
Global
	GlobalSection(SolutionConfigurationPlatforms) = preSolution
		Debug|Any CPU = Debug|Any CPU
		Release|Any CPU = Release|Any CPU
	EndGlobalSection
	GlobalSection(ProjectConfigurationPlatforms) = postSolution
		{F885848A-19E7-4A54-912B-FA65104E940A}.Debug|Any CPU.ActiveCfg = Debug|Any CPU
		{F885848A-19E7-4A54-912B-FA65104E940A}.Debug|Any CPU.Build.0 = Debug|Any CPU
		{F885848A-19E7-4A54-912B-FA65104E940A}.Release|Any CPU.ActiveCfg = Release|Any CPU
		{F885848A-19E7-4A54-912B-FA65104E940A}.Release|Any CPU.Build.0 = Release|Any CPU
		{7A596780-51CE-4B69-84C2-06BDC8587B27}.Debug|Any CPU.ActiveCfg = Debug|Any CPU
		{7A596780-51CE-4B69-84C2-06BDC8587B27}.Debug|Any CPU.Build.0 = Debug|Any CPU
		{7A596780-51CE-4B69-84C2-06BDC8587B27}.Release|Any CPU.ActiveCfg = Release|Any CPU
		{7A596780-51CE-4B69-84C2-06BDC8587B27}.Release|Any CPU.Build.0 = Release|Any CPU
		{51CBBB0F-D807-46E2-8AFE-7BBFB0A74CCA}.Debug|Any CPU.ActiveCfg = Debug|Any CPU
		{51CBBB0F-D807-46E2-8AFE-7BBFB0A74CCA}.Debug|Any CPU.Build.0 = Debug|Any CPU
		{51CBBB0F-D807-46E2-8AFE-7BBFB0A74CCA}.Release|Any CPU.ActiveCfg = Release|Any CPU
		{51CBBB0F-D807-46E2-8AFE-7BBFB0A74CCA}.Release|Any CPU.Build.0 = Release|Any CPU
	EndGlobalSection
	GlobalSection(SolutionProperties) = preSolution
		HideSolutionNode = FALSE
	EndGlobalSection
	GlobalSection(ExtensibilityGlobals) = postSolution
		SolutionGuid = {916D35E6-DA4E-4B8B-A1A3-C1765155B844}
	EndGlobalSection
EndGlobal
